
Microsoft Visual Studio Solution File, Format Version 11.00
# Visual Studio 2010
Project("{FAE04EC0-301F-11D3-BF4B-00C04F79EFBC}") = "CCategoria", "CCategoria\CCategoria.csproj", "{11F913EF-346E-4E1D-A8B2-1F3C2758D0FA}"
EndProject
Global
	GlobalSection(SolutionConfigurationPlatforms) = preSolution
		Debug|x86 = Debug|x86
		Release|x86 = Release|x86
	EndGlobalSection
	GlobalSection(ProjectConfigurationPlatforms) = postSolution
		{11F913EF-346E-4E1D-A8B2-1F3C2758D0FA}.Debug|x86.ActiveCfg = Debug|x86
		{11F913EF-346E-4E1D-A8B2-1F3C2758D0FA}.Debug|x86.Build.0 = Debug|x86
		{11F913EF-346E-4E1D-A8B2-1F3C2758D0FA}.Release|x86.ActiveCfg = Release|x86
		{11F913EF-346E-4E1D-A8B2-1F3C2758D0FA}.Release|x86.Build.0 = Release|x86
	EndGlobalSection
	GlobalSection(MonoDevelopProperties) = preSolution
		StartupItem = CCategoria\CCategoria.csproj
	EndGlobalSection
EndGlobal
